{
  "name": "playwright-powerbi-testing",
  "version": "1.0.0",
  "lockfileVersion": 3,
  "requires": true,
  "packages": {
    "": {
      "name": "playwright-powerbi-testing",
      "version": "1.0.0",
      "license": "ISC",
      "dependencies": {
        "@azure/msal-node": "^2.9.0",
        "asynckit": "^0.4.0",
        "axios": "^1.7.2",
        "buffer-equal-constant-time": "^1.0.1",
        "combined-stream": "^1.0.8",
        "csv-parse": "^5.5.6",
        "delayed-stream": "^1.0.0",
        "ecdsa-sig-formatter": "^1.0.11",
        "es6-promise": "^3.3.1",
        "follow-redirects": "^1.15.6",
        "form-data": "^4.0.0",
        "fs": "^0.0.1-security",
        "http-post-message": "^0.2.3",
        "inherits": "^2.0.3",
        "jsonwebtoken": "^9.0.2",
        "jwa": "^1.4.1",
        "jws": "^3.2.2",
        "lodash.includes": "^4.3.0",
        "lodash.isboolean": "^3.0.3",
        "lodash.isinteger": "^4.0.4",
        "lodash.isnumber": "^3.0.3",
        "lodash.isplainobject": "^4.0.6",
        "lodash.isstring": "^4.0.1",
        "lodash.once": "^4.1.1",
        "mime-db": "^1.52.0",
        "mime-types": "^2.1.35",
        "ms": "^2.1.3",
        "path": "^0.12.7",
        "playwright": "^1.44.1",
        "playwright-core": "^1.44.1",
        "powerbi-client": "^2.23.1",
        "powerbi-models": "^1.15.2",
        "powerbi-router": "^0.1.5",
        "process": "^0.11.10",
        "proxy-from-env": "^1.1.0",
        "route-recognizer": "^0.1.11",
        "safe-buffer": "^5.2.1",
        "semver": "^7.6.2",
        "undici-types": "^5.26.5",
        "util": "^0.10.4",
        "uuid": "^8.3.2",
        "window-post-message-proxy": "^0.2.8"
      },
      "devDependencies": {
        "@playwright/test": "^1.46.1",
        "@types/node": "^20.13.0"
      }
    },
    "node_modules/@azure/msal-common": {
      "version": "14.14.1",
      "resolved": "https://registry.npmjs.org/@azure/msal-common/-/msal-common-14.14.1.tgz",
      "integrity": "sha512-2Q3tqNz/PZLfSr8BvcHZVpRRfSn4MjGSqjj9J+HlBsmbf1Uu4P0WeXnemjTJwwx9KrmplsrN3UkZ/LPOR720rw==",
      "engines": {
        "node": ">=0.8.0"
      }
    },
    "node_modules/@azure/msal-node": {
      "version": "2.13.0",
      "resolved": "https://registry.npmjs.org/@azure/msal-node/-/msal-node-2.13.0.tgz",
      "integrity": "sha512-DhP97ycs7qlCVzzzWGzJiwAFyFj5okno74E4FUZ61oCLfKh4IxA1kxirqzrWuYZWpBe9HVPL6GA4NvmlEOBN5Q==",
      "dependencies": {
        "@azure/msal-common": "14.14.1",
        "jsonwebtoken": "^9.0.0",
        "uuid": "^8.3.0"
      },
      "engines": {
        "node": ">=16"
      }
    },
    "node_modules/@playwright/test": {
      "version": "1.46.1",
      "resolved": "https://registry.npmjs.org/@playwright/test/-/test-1.46.1.tgz",
      "integrity": "sha512-Fq6SwLujA/DOIvNC2EL/SojJnkKf/rAwJ//APpJJHRyMi1PdKrY3Az+4XNQ51N4RTbItbIByQ0jgd1tayq1aeA==",
      "dev": true,
      "dependencies": {
        "playwright": "1.46.1"
      },
      "bin": {
        "playwright": "cli.js"
      },
      "engines": {
        "node": ">=18"
      }
    },
    "node_modules/@types/node": {
      "version": "20.13.0",
      "resolved": "https://registry.npmjs.org/@types/node/-/node-20.13.0.tgz",
      "integrity": "sha512-FM6AOb3khNkNIXPnHFDYaHerSv8uN22C91z098AnGccVu+Pcdhi+pNUFDi0iLmPIsVE0JBD0KVS7mzUYt4nRzQ==",
      "dev": true,
      "dependencies": {
        "undici-types": "~5.26.4"
      }
    },
    "node_modules/asynckit": {
      "version": "0.4.0",
      "license": "MIT"
    },
    "node_modules/axios": {
      "version": "1.7.5",
      "resolved": "https://registry.npmjs.org/axios/-/axios-1.7.5.tgz",
      "integrity": "sha512-fZu86yCo+svH3uqJ/yTdQ0QHpQu5oL+/QE+QPSv6BZSkDAoky9vytxp7u5qk83OJFS3kEBcesWni9WTZAv3tSw==",
      "dependencies": {
        "follow-redirects": "^1.15.6",
        "form-data": "^4.0.0",
        "proxy-from-env": "^1.1.0"
      }
    },
    "node_modules/buffer-equal-constant-time": {
      "version": "1.0.1",
      "license": "BSD-3-Clause"
    },
    "node_modules/combined-stream": {
      "version": "1.0.8",
      "license": "MIT",
      "dependencies": {
        "delayed-stream": "~1.0.0"
      },
      "engines": {
        "node": ">= 0.8"
      }
    },
    "node_modules/csv-parse": {
      "version": "5.5.6",
      "resolved": "https://registry.npmjs.org/csv-parse/-/csv-parse-5.5.6.tgz",
      "integrity": "sha512-uNpm30m/AGSkLxxy7d9yRXpJQFrZzVWLFBkS+6ngPcZkw/5k3L/jjFuj7tVnEpRn+QgmiXr21nDlhCiUK4ij2A=="
    },
    "node_modules/delayed-stream": {
      "version": "1.0.0",
      "license": "MIT",
      "engines": {
        "node": ">=0.4.0"
      }
    },
    "node_modules/ecdsa-sig-formatter": {
      "version": "1.0.11",
      "license": "Apache-2.0",
      "dependencies": {
        "safe-buffer": "^5.0.1"
      }
    },
    "node_modules/es6-promise": {
      "version": "3.3.1",
      "license": "MIT"
    },
    "node_modules/follow-redirects": {
      "version": "1.15.6",
      "funding": [
        {
          "type": "individual",
          "url": "https://github.com/sponsors/RubenVerborgh"
        }
      ],
      "license": "MIT",
      "engines": {
        "node": ">=4.0"
      },
      "peerDependenciesMeta": {
        "debug": {
          "optional": true
        }
      }
    },
    "node_modules/form-data": {
      "version": "4.0.0",
      "license": "MIT",
      "dependencies": {
        "asynckit": "^0.4.0",
        "combined-stream": "^1.0.8",
        "mime-types": "^2.1.12"
      },
      "engines": {
        "node": ">= 6"
      }
    },
    "node_modules/fs": {
      "version": "0.0.1-security",
      "license": "ISC"
    },
    "node_modules/http-post-message": {
      "version": "0.2.3",
      "license": "MIT",
      "dependencies": {
        "es6-promise": "^3.2.1"
      }
    },
    "node_modules/inherits": {
      "version": "2.0.3",
      "license": "ISC"
    },
    "node_modules/jsonwebtoken": {
      "version": "9.0.2",
      "license": "MIT",
      "dependencies": {
        "jws": "^3.2.2",
        "lodash.includes": "^4.3.0",
        "lodash.isboolean": "^3.0.3",
        "lodash.isinteger": "^4.0.4",
        "lodash.isnumber": "^3.0.3",
        "lodash.isplainobject": "^4.0.6",
        "lodash.isstring": "^4.0.1",
        "lodash.once": "^4.0.0",
        "ms": "^2.1.1",
        "semver": "^7.5.4"
      },
      "engines": {
        "node": ">=12",
        "npm": ">=6"
      }
    },
    "node_modules/jwa": {
      "version": "1.4.1",
      "license": "MIT",
      "dependencies": {
        "buffer-equal-constant-time": "1.0.1",
        "ecdsa-sig-formatter": "1.0.11",
        "safe-buffer": "^5.0.1"
      }
    },
    "node_modules/jws": {
      "version": "3.2.2",
      "license": "MIT",
      "dependencies": {
        "jwa": "^1.4.1",
        "safe-buffer": "^5.0.1"
      }
    },
    "node_modules/lodash.includes": {
      "version": "4.3.0",
      "license": "MIT"
    },
    "node_modules/lodash.isboolean": {
      "version": "3.0.3",
      "license": "MIT"
    },
    "node_modules/lodash.isinteger": {
      "version": "4.0.4",
      "license": "MIT"
    },
    "node_modules/lodash.isnumber": {
      "version": "3.0.3",
      "license": "MIT"
    },
    "node_modules/lodash.isplainobject": {
      "version": "4.0.6",
      "license": "MIT"
    },
    "node_modules/lodash.isstring": {
      "version": "4.0.1",
      "license": "MIT"
    },
    "node_modules/lodash.once": {
      "version": "4.1.1",
      "license": "MIT"
    },
    "node_modules/mime-db": {
      "version": "1.52.0",
      "license": "MIT",
      "engines": {
        "node": ">= 0.6"
      }
    },
    "node_modules/mime-types": {
      "version": "2.1.35",
      "license": "MIT",
      "dependencies": {
        "mime-db": "1.52.0"
      },
      "engines": {
        "node": ">= 0.6"
      }
    },
    "node_modules/ms": {
      "version": "2.1.3",
      "license": "MIT"
    },
    "node_modules/path": {
      "version": "0.12.7",
      "license": "MIT",
      "dependencies": {
        "process": "^0.11.1",
        "util": "^0.10.3"
      }
    },
    "node_modules/playwright": {
      "version": "1.46.1",
      "resolved": "https://registry.npmjs.org/playwright/-/playwright-1.46.1.tgz",
      "integrity": "sha512-oPcr1yqoXLCkgKtD5eNUPLiN40rYEM39odNpIb6VE6S7/15gJmA1NzVv6zJYusV0e7tzvkU/utBFNa/Kpxmwng==",
      "dependencies": {
        "playwright-core": "1.46.1"
      },
      "bin": {
        "playwright": "cli.js"
      },
      "engines": {
        "node": ">=18"
      },
      "optionalDependencies": {
        "fsevents": "2.3.2"
      }
    },
    "node_modules/playwright-core": {
      "version": "1.46.1",
      "resolved": "https://registry.npmjs.org/playwright-core/-/playwright-core-1.46.1.tgz",
      "integrity": "sha512-h9LqIQaAv+CYvWzsZ+h3RsrqCStkBHlgo6/TJlFst3cOTlLghBQlJwPOZKQJTKNaD3QIB7aAVQ+gfWbN3NXB7A==",
      "bin": {
        "playwright-core": "cli.js"
      },
      "engines": {
        "node": ">=18"
      }
    },
    "node_modules/powerbi-client": {
      "version": "2.23.1",
      "license": "MIT",
      "dependencies": {
        "http-post-message": "^0.2",
        "powerbi-models": "^1.14.0",
        "powerbi-router": "^0.1",
        "window-post-message-proxy": "^0.2.7"
      }
    },
    "node_modules/powerbi-models": {
      "version": "1.15.2",
      "license": "MIT"
    },
    "node_modules/powerbi-router": {
      "version": "0.1.5",
      "license": "MIT",
      "dependencies": {
        "es6-promise": "^3.2.1",
        "route-recognizer": "^0.1.11"
      }
    },
    "node_modules/process": {
      "version": "0.11.10",
      "license": "MIT",
      "engines": {
        "node": ">= 0.6.0"
      }
    },
    "node_modules/proxy-from-env": {
      "version": "1.1.0",
      "license": "MIT"
    },
    "node_modules/route-recognizer": {
      "version": "0.1.11",
      "license": "MIT"
    },
    "node_modules/safe-buffer": {
      "version": "5.2.1",
      "funding": [
        {
          "type": "github",
          "url": "https://github.com/sponsors/feross"
        },
        {
          "type": "patreon",
          "url": "https://www.patreon.com/feross"
        },
        {
          "type": "consulting",
          "url": "https://feross.org/support"
        }
      ],
      "license": "MIT"
    },
    "node_modules/semver": {
      "version": "7.6.2",
      "license": "ISC",
      "bin": {
        "semver": "bin/semver.js"
      },
      "engines": {
        "node": ">=10"
      }
    },
    "node_modules/undici-types": {
      "version": "5.26.5",
      "license": "MIT"
    },
    "node_modules/util": {
      "version": "0.10.4",
      "license": "MIT",
      "dependencies": {
        "inherits": "2.0.3"
      }
    },
    "node_modules/uuid": {
      "version": "8.3.2",
      "license": "MIT",
      "bin": {
        "uuid": "dist/bin/uuid"
      }
    },
    "node_modules/window-post-message-proxy": {
      "version": "0.2.8",
      "license": "MIT",
      "dependencies": {
        "es6-promise": "^3.1.2"
      }
    }
  }
}
